
Microsoft Visual Studio Solution File, Format Version 12.00
# Visual Studio 15
VisualStudioVersion = 15.0.27130.2003
MinimumVisualStudioVersion = 10.0.40219.1
Project("{9A19103F-16F7-4668-BE54-9A1E7A4F7556}") = "Jane", "src\Jane\Jane.csproj", "{F337207E-C0B0-4620-A36C-7027C5AA2AFC}"
EndProject
Project("{9A19103F-16F7-4668-BE54-9A1E7A4F7556}") = "Jane.Autofac", "src\Jane.Autofac\Jane.Autofac.csproj", "{6124E161-8CDC-448F-868C-4C3103C6439F}"
EndProject
Project("{9A19103F-16F7-4668-BE54-9A1E7A4F7556}") = "Jane.Log4Net", "src\Jane.Log4Net\Jane.Log4Net.csproj", "{4DCEF394-9111-48E9-AACE-CEC29646BDE3}"
EndProject
Project("{9A19103F-16F7-4668-BE54-9A1E7A4F7556}") = "Jane.MongoDb", "src\Jane.MongoDb\Jane.MongoDb.csproj", "{B7DE248D-4D3A-4DCF-8DBB-C6C1A3487CAC}"
EndProject
Project("{FAE04EC0-301F-11D3-BF4B-00C04F79EFBC}") = "Jane.Masstransit.RabbitMq", "src\Jane.Masstransit.RabbitMq\Jane.Masstransit.RabbitMq.csproj", "{5F1F84C3-A091-43A6-97BD-3CBACDC6F9E3}"
EndProject
Project("{FAE04EC0-301F-11D3-BF4B-00C04F79EFBC}") = "Jane.AspNetCore", "src\Jane.AspNetCore\Jane.AspNetCore.csproj", "{3920426E-1242-41AC-8C0F-520550EFA865}"
EndProject
Global
	GlobalSection(SolutionConfigurationPlatforms) = preSolution
		Debug|Any CPU = Debug|Any CPU
		Release|Any CPU = Release|Any CPU
	EndGlobalSection
	GlobalSection(ProjectConfigurationPlatforms) = postSolution
		{F337207E-C0B0-4620-A36C-7027C5AA2AFC}.Debug|Any CPU.ActiveCfg = Debug|Any CPU
		{F337207E-C0B0-4620-A36C-7027C5AA2AFC}.Debug|Any CPU.Build.0 = Debug|Any CPU
		{F337207E-C0B0-4620-A36C-7027C5AA2AFC}.Release|Any CPU.ActiveCfg = Release|Any CPU
		{F337207E-C0B0-4620-A36C-7027C5AA2AFC}.Release|Any CPU.Build.0 = Release|Any CPU
		{6124E161-8CDC-448F-868C-4C3103C6439F}.Debug|Any CPU.ActiveCfg = Debug|Any CPU
		{6124E161-8CDC-448F-868C-4C3103C6439F}.Debug|Any CPU.Build.0 = Debug|Any CPU
		{6124E161-8CDC-448F-868C-4C3103C6439F}.Release|Any CPU.ActiveCfg = Release|Any CPU
		{6124E161-8CDC-448F-868C-4C3103C6439F}.Release|Any CPU.Build.0 = Release|Any CPU
		{4DCEF394-9111-48E9-AACE-CEC29646BDE3}.Debug|Any CPU.ActiveCfg = Debug|Any CPU
		{4DCEF394-9111-48E9-AACE-CEC29646BDE3}.Debug|Any CPU.Build.0 = Debug|Any CPU
		{4DCEF394-9111-48E9-AACE-CEC29646BDE3}.Release|Any CPU.ActiveCfg = Release|Any CPU
		{4DCEF394-9111-48E9-AACE-CEC29646BDE3}.Release|Any CPU.Build.0 = Release|Any CPU
		{B7DE248D-4D3A-4DCF-8DBB-C6C1A3487CAC}.Debug|Any CPU.ActiveCfg = Debug|Any CPU
		{B7DE248D-4D3A-4DCF-8DBB-C6C1A3487CAC}.Debug|Any CPU.Build.0 = Debug|Any CPU
		{B7DE248D-4D3A-4DCF-8DBB-C6C1A3487CAC}.Release|Any CPU.ActiveCfg = Release|Any CPU
		{B7DE248D-4D3A-4DCF-8DBB-C6C1A3487CAC}.Release|Any CPU.Build.0 = Release|Any CPU
		{5F1F84C3-A091-43A6-97BD-3CBACDC6F9E3}.Debug|Any CPU.ActiveCfg = Debug|Any CPU
		{5F1F84C3-A091-43A6-97BD-3CBACDC6F9E3}.Debug|Any CPU.Build.0 = Debug|Any CPU
		{5F1F84C3-A091-43A6-97BD-3CBACDC6F9E3}.Release|Any CPU.ActiveCfg = Release|Any CPU
		{5F1F84C3-A091-43A6-97BD-3CBACDC6F9E3}.Release|Any CPU.Build.0 = Release|Any CPU
		{3920426E-1242-41AC-8C0F-520550EFA865}.Debug|Any CPU.ActiveCfg = Debug|Any CPU
		{3920426E-1242-41AC-8C0F-520550EFA865}.Debug|Any CPU.Build.0 = Debug|Any CPU
		{3920426E-1242-41AC-8C0F-520550EFA865}.Release|Any CPU.ActiveCfg = Release|Any CPU
		{3920426E-1242-41AC-8C0F-520550EFA865}.Release|Any CPU.Build.0 = Release|Any CPU
	EndGlobalSection
	GlobalSection(SolutionProperties) = preSolution
		HideSolutionNode = FALSE
	EndGlobalSection
	GlobalSection(ExtensibilityGlobals) = postSolution
		SolutionGuid = {C66FDB77-BACB-48CB-926A-07FE48FBFB18}
	EndGlobalSection
EndGlobal
