
Microsoft Visual Studio Solution File, Format Version 12.00
# Visual Studio Version 16
VisualStudioVersion = 16.0.29102.190
MinimumVisualStudioVersion = 10.0.40219.1
Project("{9A19103F-16F7-4668-BE54-9A1E7A4F7556}") = "Jane", "src\Jane\Jane.csproj", "{F337207E-C0B0-4620-A36C-7027C5AA2AFC}"
EndProject
Project("{9A19103F-16F7-4668-BE54-9A1E7A4F7556}") = "Jane.Autofac", "src\Jane.Autofac\Jane.Autofac.csproj", "{6124E161-8CDC-448F-868C-4C3103C6439F}"
EndProject
Project("{9A19103F-16F7-4668-BE54-9A1E7A4F7556}") = "Jane.Log4Net", "src\Jane.Log4Net\Jane.Log4Net.csproj", "{4DCEF394-9111-48E9-AACE-CEC29646BDE3}"
EndProject
Project("{9A19103F-16F7-4668-BE54-9A1E7A4F7556}") = "Jane.MongoDb", "src\Jane.MongoDb\Jane.MongoDb.csproj", "{B7DE248D-4D3A-4DCF-8DBB-C6C1A3487CAC}"
EndProject
Project("{9A19103F-16F7-4668-BE54-9A1E7A4F7556}") = "Jane.Masstransit.RabbitMq", "src\Jane.Masstransit.RabbitMq\Jane.Masstransit.RabbitMq.csproj", "{5F1F84C3-A091-43A6-97BD-3CBACDC6F9E3}"
EndProject
Project("{9A19103F-16F7-4668-BE54-9A1E7A4F7556}") = "Jane.AspNetCore", "src\Jane.AspNetCore\Jane.AspNetCore.csproj", "{3920426E-1242-41AC-8C0F-520550EFA865}"
EndProject
Project("{9A19103F-16F7-4668-BE54-9A1E7A4F7556}") = "Jane.ENode", "src\Jane.ENode\Jane.ENode.csproj", "{09EC1C77-FCE8-460A-BB29-9826FCF8CDA7}"
EndProject
Project("{9A19103F-16F7-4668-BE54-9A1E7A4F7556}") = "Jane.AutoMapper", "src\Jane.AutoMapper\Jane.AutoMapper.csproj", "{477CE0A7-8C45-4F32-B2D9-E73D9DED08E2}"
EndProject
Project("{9A19103F-16F7-4668-BE54-9A1E7A4F7556}") = "Jane.FCM", "src\Jane.FCM\Jane.FCM.csproj", "{F9B229C9-BB67-4CF8-95DA-70B0336D58BE}"
EndProject
Project("{9A19103F-16F7-4668-BE54-9A1E7A4F7556}") = "Jane.ENode.AspNetCore", "src\Jane.ENode.AspNetCore\Jane.ENode.AspNetCore.csproj", "{3F5F977B-7B05-4495-A763-E707658165B3}"
EndProject
Project("{9A19103F-16F7-4668-BE54-9A1E7A4F7556}") = "Jane.RedisCache", "src\Jane.RedisCache\Jane.RedisCache.csproj", "{34E27FDA-5DAC-41E3-A7D4-D73B89A57587}"
EndProject
Project("{9A19103F-16F7-4668-BE54-9A1E7A4F7556}") = "Jane.Web", "src\Jane.Web\Jane.Web.csproj", "{0858D380-F50F-4FA2-A862-8EB590DE0021}"
EndProject
Project("{2150E333-8FDC-42A3-9474-1A3956D46DE8}") = "src", "src", "{9BCD8851-0A36-48CD-BFF0-72690C335B28}"
EndProject
Project("{2150E333-8FDC-42A3-9474-1A3956D46DE8}") = "test", "test", "{5B3C0DED-759A-45AB-9D01-DC3B67E21CA2}"
EndProject
Project("{9A19103F-16F7-4668-BE54-9A1E7A4F7556}") = "Jane.Tests", "test\Jane.Tests\Jane.Tests.csproj", "{8AB6881C-59CC-4EE0-91AC-2AD88152848F}"
EndProject
Project("{9A19103F-16F7-4668-BE54-9A1E7A4F7556}") = "Jane.Hangfire", "src\Jane.Hangfire\Jane.Hangfire.csproj", "{03E925A5-089F-4A51-8BA4-099715EC5754}"
EndProject
Project("{2150E333-8FDC-42A3-9474-1A3956D46DE8}") = "example", "example", "{77F57A30-06EA-428B-AB09-DDA0810CAC22}"
EndProject
Project("{FAE04EC0-301F-11D3-BF4B-00C04F79EFBC}") = "JaneWebHostExample", "example\JaneWebHostExample\JaneWebHostExample.csproj", "{E0D2EC0B-B48D-4AE4-9BEC-74FE43A458AD}"
EndProject
Project("{9A19103F-16F7-4668-BE54-9A1E7A4F7556}") = "JaneENodeGenericHostExample", "example\JaneENodeGenericHostExample\JaneENodeGenericHostExample.csproj", "{0C9C32DB-D938-4D72-BDBF-2CBE255A8DD1}"
EndProject
Project("{9A19103F-16F7-4668-BE54-9A1E7A4F7556}") = "JaneGenericHostExample", "example\JaneGenericHostExample\JaneGenericHostExample.csproj", "{F51142FB-227D-470F-9E3D-15BDAF9F8AAF}"
EndProject
Global
	GlobalSection(SolutionConfigurationPlatforms) = preSolution
		Debug|Any CPU = Debug|Any CPU
		Release|Any CPU = Release|Any CPU
	EndGlobalSection
	GlobalSection(ProjectConfigurationPlatforms) = postSolution
		{F337207E-C0B0-4620-A36C-7027C5AA2AFC}.Debug|Any CPU.ActiveCfg = Debug|Any CPU
		{F337207E-C0B0-4620-A36C-7027C5AA2AFC}.Debug|Any CPU.Build.0 = Debug|Any CPU
		{F337207E-C0B0-4620-A36C-7027C5AA2AFC}.Release|Any CPU.ActiveCfg = Release|Any CPU
		{F337207E-C0B0-4620-A36C-7027C5AA2AFC}.Release|Any CPU.Build.0 = Release|Any CPU
		{6124E161-8CDC-448F-868C-4C3103C6439F}.Debug|Any CPU.ActiveCfg = Debug|Any CPU
		{6124E161-8CDC-448F-868C-4C3103C6439F}.Debug|Any CPU.Build.0 = Debug|Any CPU
		{6124E161-8CDC-448F-868C-4C3103C6439F}.Release|Any CPU.ActiveCfg = Release|Any CPU
		{6124E161-8CDC-448F-868C-4C3103C6439F}.Release|Any CPU.Build.0 = Release|Any CPU
		{4DCEF394-9111-48E9-AACE-CEC29646BDE3}.Debug|Any CPU.ActiveCfg = Debug|Any CPU
		{4DCEF394-9111-48E9-AACE-CEC29646BDE3}.Debug|Any CPU.Build.0 = Debug|Any CPU
		{4DCEF394-9111-48E9-AACE-CEC29646BDE3}.Release|Any CPU.ActiveCfg = Release|Any CPU
		{4DCEF394-9111-48E9-AACE-CEC29646BDE3}.Release|Any CPU.Build.0 = Release|Any CPU
		{B7DE248D-4D3A-4DCF-8DBB-C6C1A3487CAC}.Debug|Any CPU.ActiveCfg = Debug|Any CPU
		{B7DE248D-4D3A-4DCF-8DBB-C6C1A3487CAC}.Debug|Any CPU.Build.0 = Debug|Any CPU
		{B7DE248D-4D3A-4DCF-8DBB-C6C1A3487CAC}.Release|Any CPU.ActiveCfg = Release|Any CPU
		{B7DE248D-4D3A-4DCF-8DBB-C6C1A3487CAC}.Release|Any CPU.Build.0 = Release|Any CPU
		{5F1F84C3-A091-43A6-97BD-3CBACDC6F9E3}.Debug|Any CPU.ActiveCfg = Debug|Any CPU
		{5F1F84C3-A091-43A6-97BD-3CBACDC6F9E3}.Debug|Any CPU.Build.0 = Debug|Any CPU
		{5F1F84C3-A091-43A6-97BD-3CBACDC6F9E3}.Release|Any CPU.ActiveCfg = Release|Any CPU
		{5F1F84C3-A091-43A6-97BD-3CBACDC6F9E3}.Release|Any CPU.Build.0 = Release|Any CPU
		{3920426E-1242-41AC-8C0F-520550EFA865}.Debug|Any CPU.ActiveCfg = Debug|Any CPU
		{3920426E-1242-41AC-8C0F-520550EFA865}.Debug|Any CPU.Build.0 = Debug|Any CPU
		{3920426E-1242-41AC-8C0F-520550EFA865}.Release|Any CPU.ActiveCfg = Release|Any CPU
		{3920426E-1242-41AC-8C0F-520550EFA865}.Release|Any CPU.Build.0 = Release|Any CPU
		{09EC1C77-FCE8-460A-BB29-9826FCF8CDA7}.Debug|Any CPU.ActiveCfg = Debug|Any CPU
		{09EC1C77-FCE8-460A-BB29-9826FCF8CDA7}.Debug|Any CPU.Build.0 = Debug|Any CPU
		{09EC1C77-FCE8-460A-BB29-9826FCF8CDA7}.Release|Any CPU.ActiveCfg = Release|Any CPU
		{09EC1C77-FCE8-460A-BB29-9826FCF8CDA7}.Release|Any CPU.Build.0 = Release|Any CPU
		{477CE0A7-8C45-4F32-B2D9-E73D9DED08E2}.Debug|Any CPU.ActiveCfg = Debug|Any CPU
		{477CE0A7-8C45-4F32-B2D9-E73D9DED08E2}.Debug|Any CPU.Build.0 = Debug|Any CPU
		{477CE0A7-8C45-4F32-B2D9-E73D9DED08E2}.Release|Any CPU.ActiveCfg = Release|Any CPU
		{477CE0A7-8C45-4F32-B2D9-E73D9DED08E2}.Release|Any CPU.Build.0 = Release|Any CPU
		{F9B229C9-BB67-4CF8-95DA-70B0336D58BE}.Debug|Any CPU.ActiveCfg = Debug|Any CPU
		{F9B229C9-BB67-4CF8-95DA-70B0336D58BE}.Debug|Any CPU.Build.0 = Debug|Any CPU
		{F9B229C9-BB67-4CF8-95DA-70B0336D58BE}.Release|Any CPU.ActiveCfg = Release|Any CPU
		{F9B229C9-BB67-4CF8-95DA-70B0336D58BE}.Release|Any CPU.Build.0 = Release|Any CPU
		{3F5F977B-7B05-4495-A763-E707658165B3}.Debug|Any CPU.ActiveCfg = Debug|Any CPU
		{3F5F977B-7B05-4495-A763-E707658165B3}.Debug|Any CPU.Build.0 = Debug|Any CPU
		{3F5F977B-7B05-4495-A763-E707658165B3}.Release|Any CPU.ActiveCfg = Release|Any CPU
		{3F5F977B-7B05-4495-A763-E707658165B3}.Release|Any CPU.Build.0 = Release|Any CPU
		{34E27FDA-5DAC-41E3-A7D4-D73B89A57587}.Debug|Any CPU.ActiveCfg = Debug|Any CPU
		{34E27FDA-5DAC-41E3-A7D4-D73B89A57587}.Debug|Any CPU.Build.0 = Debug|Any CPU
		{34E27FDA-5DAC-41E3-A7D4-D73B89A57587}.Release|Any CPU.ActiveCfg = Release|Any CPU
		{34E27FDA-5DAC-41E3-A7D4-D73B89A57587}.Release|Any CPU.Build.0 = Release|Any CPU
		{0858D380-F50F-4FA2-A862-8EB590DE0021}.Debug|Any CPU.ActiveCfg = Debug|Any CPU
		{0858D380-F50F-4FA2-A862-8EB590DE0021}.Debug|Any CPU.Build.0 = Debug|Any CPU
		{0858D380-F50F-4FA2-A862-8EB590DE0021}.Release|Any CPU.ActiveCfg = Release|Any CPU
		{0858D380-F50F-4FA2-A862-8EB590DE0021}.Release|Any CPU.Build.0 = Release|Any CPU
		{8AB6881C-59CC-4EE0-91AC-2AD88152848F}.Debug|Any CPU.ActiveCfg = Debug|Any CPU
		{8AB6881C-59CC-4EE0-91AC-2AD88152848F}.Debug|Any CPU.Build.0 = Debug|Any CPU
		{8AB6881C-59CC-4EE0-91AC-2AD88152848F}.Release|Any CPU.ActiveCfg = Release|Any CPU
		{8AB6881C-59CC-4EE0-91AC-2AD88152848F}.Release|Any CPU.Build.0 = Release|Any CPU
		{03E925A5-089F-4A51-8BA4-099715EC5754}.Debug|Any CPU.ActiveCfg = Debug|Any CPU
		{03E925A5-089F-4A51-8BA4-099715EC5754}.Debug|Any CPU.Build.0 = Debug|Any CPU
		{03E925A5-089F-4A51-8BA4-099715EC5754}.Release|Any CPU.ActiveCfg = Release|Any CPU
		{03E925A5-089F-4A51-8BA4-099715EC5754}.Release|Any CPU.Build.0 = Release|Any CPU
		{E0D2EC0B-B48D-4AE4-9BEC-74FE43A458AD}.Debug|Any CPU.ActiveCfg = Debug|Any CPU
		{E0D2EC0B-B48D-4AE4-9BEC-74FE43A458AD}.Debug|Any CPU.Build.0 = Debug|Any CPU
		{E0D2EC0B-B48D-4AE4-9BEC-74FE43A458AD}.Release|Any CPU.ActiveCfg = Release|Any CPU
		{E0D2EC0B-B48D-4AE4-9BEC-74FE43A458AD}.Release|Any CPU.Build.0 = Release|Any CPU
		{0C9C32DB-D938-4D72-BDBF-2CBE255A8DD1}.Debug|Any CPU.ActiveCfg = Debug|Any CPU
		{0C9C32DB-D938-4D72-BDBF-2CBE255A8DD1}.Debug|Any CPU.Build.0 = Debug|Any CPU
		{0C9C32DB-D938-4D72-BDBF-2CBE255A8DD1}.Release|Any CPU.ActiveCfg = Release|Any CPU
		{0C9C32DB-D938-4D72-BDBF-2CBE255A8DD1}.Release|Any CPU.Build.0 = Release|Any CPU
		{F51142FB-227D-470F-9E3D-15BDAF9F8AAF}.Debug|Any CPU.ActiveCfg = Debug|Any CPU
		{F51142FB-227D-470F-9E3D-15BDAF9F8AAF}.Debug|Any CPU.Build.0 = Debug|Any CPU
		{F51142FB-227D-470F-9E3D-15BDAF9F8AAF}.Release|Any CPU.ActiveCfg = Release|Any CPU
		{F51142FB-227D-470F-9E3D-15BDAF9F8AAF}.Release|Any CPU.Build.0 = Release|Any CPU
	EndGlobalSection
	GlobalSection(SolutionProperties) = preSolution
		HideSolutionNode = FALSE
	EndGlobalSection
	GlobalSection(NestedProjects) = preSolution
		{F337207E-C0B0-4620-A36C-7027C5AA2AFC} = {9BCD8851-0A36-48CD-BFF0-72690C335B28}
		{6124E161-8CDC-448F-868C-4C3103C6439F} = {9BCD8851-0A36-48CD-BFF0-72690C335B28}
		{4DCEF394-9111-48E9-AACE-CEC29646BDE3} = {9BCD8851-0A36-48CD-BFF0-72690C335B28}
		{B7DE248D-4D3A-4DCF-8DBB-C6C1A3487CAC} = {9BCD8851-0A36-48CD-BFF0-72690C335B28}
		{5F1F84C3-A091-43A6-97BD-3CBACDC6F9E3} = {9BCD8851-0A36-48CD-BFF0-72690C335B28}
		{3920426E-1242-41AC-8C0F-520550EFA865} = {9BCD8851-0A36-48CD-BFF0-72690C335B28}
		{09EC1C77-FCE8-460A-BB29-9826FCF8CDA7} = {9BCD8851-0A36-48CD-BFF0-72690C335B28}
		{477CE0A7-8C45-4F32-B2D9-E73D9DED08E2} = {9BCD8851-0A36-48CD-BFF0-72690C335B28}
		{F9B229C9-BB67-4CF8-95DA-70B0336D58BE} = {9BCD8851-0A36-48CD-BFF0-72690C335B28}
		{3F5F977B-7B05-4495-A763-E707658165B3} = {9BCD8851-0A36-48CD-BFF0-72690C335B28}
		{34E27FDA-5DAC-41E3-A7D4-D73B89A57587} = {9BCD8851-0A36-48CD-BFF0-72690C335B28}
		{0858D380-F50F-4FA2-A862-8EB590DE0021} = {9BCD8851-0A36-48CD-BFF0-72690C335B28}
		{8AB6881C-59CC-4EE0-91AC-2AD88152848F} = {5B3C0DED-759A-45AB-9D01-DC3B67E21CA2}
		{03E925A5-089F-4A51-8BA4-099715EC5754} = {9BCD8851-0A36-48CD-BFF0-72690C335B28}
		{E0D2EC0B-B48D-4AE4-9BEC-74FE43A458AD} = {77F57A30-06EA-428B-AB09-DDA0810CAC22}
		{0C9C32DB-D938-4D72-BDBF-2CBE255A8DD1} = {77F57A30-06EA-428B-AB09-DDA0810CAC22}
		{F51142FB-227D-470F-9E3D-15BDAF9F8AAF} = {77F57A30-06EA-428B-AB09-DDA0810CAC22}
	EndGlobalSection
	GlobalSection(ExtensibilityGlobals) = postSolution
		SolutionGuid = {C66FDB77-BACB-48CB-926A-07FE48FBFB18}
	EndGlobalSection
EndGlobal
